// !$*UTF8*$!
{
	archiveVersion = 1;
	classes = {
	};
	objectVersion = 56;
	objects = {

/* Begin PBXBuildFile section */
		527273142BDDF1FB00F3FAD3 /* QuestionMeApp.swift in Sources */ = {isa = PBXBuildFile; fileRef = 527273132BDDF1FB00F3FAD3 /* QuestionMeApp.swift */; };
		527273162BDDF1FB00F3FAD3 /* ContentView.swift in Sources */ = {isa = PBXBuildFile; fileRef = 527273152BDDF1FB00F3FAD3 /* ContentView.swift */; };
		527273182BDDF1FD00F3FAD3 /* Assets.xcassets in Resources */ = {isa = PBXBuildFile; fileRef = 527273172BDDF1FD00F3FAD3 /* Assets.xcassets */; };
		5272731B2BDDF1FD00F3FAD3 /* Preview Assets.xcassets in Resources */ = {isa = PBXBuildFile; fileRef = 5272731A2BDDF1FD00F3FAD3 /* Preview Assets.xcassets */; };
		527273252BDDF1FE00F3FAD3 /* QuestionMeTests.swift in Sources */ = {isa = PBXBuildFile; fileRef = 527273242BDDF1FE00F3FAD3 /* QuestionMeTests.swift */; };
/* End PBXBuildFile section */

/* Begin PBXContainerItemProxy section */
		527273212BDDF1FE00F3FAD3 /* PBXContainerItemProxy */ = {
			isa = PBXContainerItemProxy;
			containerPortal = 527273082BDDF1FB00F3FAD3 /* Project object */;
			proxyType = 1;
			remoteGlobalIDString = 5272730F2BDDF1FB00F3FAD3;
			remoteInfo = QuestionMe;
		};
/* End PBXContainerItemProxy section */

/* Begin PBXFileReference section */
		527273102BDDF1FB00F3FAD3 /* QuestionMe.app */ = {isa = PBXFileReference; explicitFileType = wrapper.application; includeInIndex = 0; path = QuestionMe.app; sourceTree = BUILT_PRODUCTS_DIR; };
		527273132BDDF1FB00F3FAD3 /* QuestionMeApp.swift */ = {isa = PBXFileReference; lastKnownFileType = sourcecode.swift; path = QuestionMeApp.swift; sourceTree = "<group>"; };
		527273152BDDF1FB00F3FAD3 /* ContentView.swift */ = {isa = PBXFileReference; lastKnownFileType = sourcecode.swift; path = ContentView.swift; sourceTree = "<group>"; };
		527273172BDDF1FD00F3FAD3 /* Assets.xcassets */ = {isa = PBXFileReference; lastKnownFileType = folder.assetcatalog; path = Assets.xcassets; sourceTree = "<group>"; };
		5272731A2BDDF1FD00F3FAD3 /* Preview Assets.xcassets */ = {isa = PBXFileReference; lastKnownFileType = folder.assetcatalog; path = "Preview Assets.xcassets"; sourceTree = "<group>"; };
		527273202BDDF1FE00F3FAD3 /* QuestionMeTests.xctest */ = {isa = PBXFileReference; explicitFileType = wrapper.cfbundle; includeInIndex = 0; path = QuestionMeTests.xctest; sourceTree = BUILT_PRODUCTS_DIR; };
		527273242BDDF1FE00F3FAD3 /* QuestionMeTests.swift */ = {isa = PBXFileReference; lastKnownFileType = sourcecode.swift; path = QuestionMeTests.swift; sourceTree = "<group>"; };
		5272733D2BDDF43200F3FAD3 /* QuestionMe.xctestplan */ = {isa = PBXFileReference; lastKnownFileType = text; path = QuestionMe.xctestplan; sourceTree = "<group>"; };
/* End PBXFileReference section */

/* Begin PBXFrameworksBuildPhase section */
		5272730D2BDDF1FB00F3FAD3 /* Frameworks */ = {
			isa = PBXFrameworksBuildPhase;
			buildActionMask = 2147483647;
			files = (
			);
			runOnlyForDeploymentPostprocessing = 0;
		};
		5272731D2BDDF1FE00F3FAD3 /* Frameworks */ = {
			isa = PBXFrameworksBuildPhase;
			buildActionMask = 2147483647;
			files = (
			);
			runOnlyForDeploymentPostprocessing = 0;
		};
/* End PBXFrameworksBuildPhase section */

/* Begin PBXGroup section */
		527273072BDDF1FB00F3FAD3 = {
			isa = PBXGroup;
			children = (
				5272733D2BDDF43200F3FAD3 /* QuestionMe.xctestplan */,
				527273122BDDF1FB00F3FAD3 /* QuestionMe */,
				527273232BDDF1FE00F3FAD3 /* QuestionMeTests */,
				527273112BDDF1FB00F3FAD3 /* Products */,
			);
			sourceTree = "<group>";
		};
		527273112BDDF1FB00F3FAD3 /* Products */ = {
			isa = PBXGroup;
			children = (
				527273102BDDF1FB00F3FAD3 /* QuestionMe.app */,
				527273202BDDF1FE00F3FAD3 /* QuestionMeTests.xctest */,
			);
			name = Products;
			sourceTree = "<group>";
		};
		527273122BDDF1FB00F3FAD3 /* QuestionMe */ = {
			isa = PBXGroup;
			children = (
				527273132BDDF1FB00F3FAD3 /* QuestionMeApp.swift */,
				527273152BDDF1FB00F3FAD3 /* ContentView.swift */,
				527273172BDDF1FD00F3FAD3 /* Assets.xcassets */,
				527273192BDDF1FD00F3FAD3 /* Preview Content */,
			);
			path = QuestionMe;
			sourceTree = "<group>";
		};
		527273192BDDF1FD00F3FAD3 /* Preview Content */ = {
			isa = PBXGroup;
			children = (
				5272731A2BDDF1FD00F3FAD3 /* Preview Assets.xcassets */,
			);
			path = "Preview Content";
			sourceTree = "<group>";
		};
		527273232BDDF1FE00F3FAD3 /* QuestionMeTests */ = {
			isa = PBXGroup;
			children = (
				527273242BDDF1FE00F3FAD3 /* QuestionMeTests.swift */,
			);
			path = QuestionMeTests;
			sourceTree = "<group>";
		};
/* End PBXGroup section */

/* Begin PBXNativeTarget section */
		5272730F2BDDF1FB00F3FAD3 /* QuestionMe */ = {
			isa = PBXNativeTarget;
			buildConfigurationList = 527273342BDDF1FE00F3FAD3 /* Build configuration list for PBXNativeTarget "QuestionMe" */;
			buildPhases = (
				5272730C2BDDF1FB00F3FAD3 /* Sources */,
				5272730D2BDDF1FB00F3FAD3 /* Frameworks */,
				5272730E2BDDF1FB00F3FAD3 /* Resources */,
			);
			buildRules = (
			);
			dependencies = (
			);
			name = QuestionMe;
			productName = QuestionMe;
			productReference = 527273102BDDF1FB00F3FAD3 /* QuestionMe.app */;
			productType = "com.apple.product-type.application";
		};
		5272731F2BDDF1FE00F3FAD3 /* QuestionMeTests */ = {
			isa = PBXNativeTarget;
			buildConfigurationList = 527273372BDDF1FE00F3FAD3 /* Build configuration list for PBXNativeTarget "QuestionMeTests" */;
			buildPhases = (
				5272731C2BDDF1FE00F3FAD3 /* Sources */,
				5272731D2BDDF1FE00F3FAD3 /* Frameworks */,
				5272731E2BDDF1FE00F3FAD3 /* Resources */,
			);
			buildRules = (
			);
			dependencies = (
				527273222BDDF1FE00F3FAD3 /* PBXTargetDependency */,
			);
			name = QuestionMeTests;
			productName = QuestionMeTests;
			productReference = 527273202BDDF1FE00F3FAD3 /* QuestionMeTests.xctest */;
			productType = "com.apple.product-type.bundle.unit-test";
		};
/* End PBXNativeTarget section */

/* Begin PBXProject section */
		527273082BDDF1FB00F3FAD3 /* Project object */ = {
			isa = PBXProject;
			attributes = {
				BuildIndependentTargetsInParallel = 1;
				LastSwiftUpdateCheck = 1510;
				LastUpgradeCheck = 1510;
				TargetAttributes = {
					5272730F2BDDF1FB00F3FAD3 = {
						CreatedOnToolsVersion = 15.1;
					};
					5272731F2BDDF1FE00F3FAD3 = {
						CreatedOnToolsVersion = 15.1;
						TestTargetID = 5272730F2BDDF1FB00F3FAD3;
					};
				};
			};
			buildConfigurationList = 5272730B2BDDF1FB00F3FAD3 /* Build configuration list for PBXProject "QuestionMe" */;
			compatibilityVersion = "Xcode 14.0";
			developmentRegion = en;
			hasScannedForEncodings = 0;
			knownRegions = (
				en,
				Base,
			);
			mainGroup = 527273072BDDF1FB00F3FAD3;
			productRefGroup = 527273112BDDF1FB00F3FAD3 /* Products */;
			projectDirPath = "";
			projectRoot = "";
			targets = (
				5272730F2BDDF1FB00F3FAD3 /* QuestionMe */,
				5272731F2BDDF1FE00F3FAD3 /* QuestionMeTests */,
			);
		};
/* End PBXProject section */

/* Begin PBXResourcesBuildPhase section */
		5272730E2BDDF1FB00F3FAD3 /* Resources */ = {
			isa = PBXResourcesBuildPhase;
			buildActionMask = 2147483647;
			files = (
				5272731B2BDDF1FD00F3FAD3 /* Preview Assets.xcassets in Resources */,
				527273182BDDF1FD00F3FAD3 /* Assets.xcassets in Resources */,
			);
			runOnlyForDeploymentPostprocessing = 0;
		};
		5272731E2BDDF1FE00F3FAD3 /* Resources */ = {
			isa = PBXResourcesBuildPhase;
			buildActionMask = 2147483647;
			files = (
			);
			runOnlyForDeploymentPostprocessing = 0;
		};
/* End PBXResourcesBuildPhase section */

/* Begin PBXSourcesBuildPhase section */
		5272730C2BDDF1FB00F3FAD3 /* Sources */ = {
			isa = PBXSourcesBuildPhase;
			buildActionMask = 2147483647;
			files = (
				527273162BDDF1FB00F3FAD3 /* ContentView.swift in Sources */,
				527273142BDDF1FB00F3FAD3 /* QuestionMeApp.swift in Sources */,
			);
			runOnlyForDeploymentPostprocessing = 0;
		};
		5272731C2BDDF1FE00F3FAD3 /* Sources */ = {
			isa = PBXSourcesBuildPhase;
			buildActionMask = 2147483647;
			files = (
				527273252BDDF1FE00F3FAD3 /* QuestionMeTests.swift in Sources */,
			);
			runOnlyForDeploymentPostprocessing = 0;
		};
/* End PBXSourcesBuildPhase section */

/* Begin PBXTargetDependency section */
		527273222BDDF1FE00F3FAD3 /* PBXTargetDependency */ = {
			isa = PBXTargetDependency;
			target = 5272730F2BDDF1FB00F3FAD3 /* QuestionMe */;
			targetProxy = 527273212BDDF1FE00F3FAD3 /* PBXContainerItemProxy */;
		};
/* End PBXTargetDependency section */

/* Begin XCBuildConfiguration section */
		527273322BDDF1FE00F3FAD3 /* Debug */ = {
			isa = XCBuildConfiguration;
			buildSettings = {
				ALWAYS_SEARCH_USER_PATHS = NO;
				ASSETCATALOG_COMPILER_GENERATE_SWIFT_ASSET_SYMBOL_EXTENSIONS = YES;
				CLANG_ANALYZER_NONNULL = YES;
				CLANG_ANALYZER_NUMBER_OBJECT_CONVERSION = YES_AGGRESSIVE;
				CLANG_CXX_LANGUAGE_STANDARD = "gnu++20";
				CLANG_ENABLE_MODULES = YES;
				CLANG_ENABLE_OBJC_ARC = YES;
				CLANG_ENABLE_OBJC_WEAK = YES;
				CLANG_WARN_BLOCK_CAPTURE_AUTORELEASING = YES;
				CLANG_WARN_BOOL_CONVERSION = YES;
				CLANG_WARN_COMMA = YES;
				CLANG_WARN_CONSTANT_CONVERSION = YES;
				CLANG_WARN_DEPRECATED_OBJC_IMPLEMENTATIONS = YES;
				CLANG_WARN_DIRECT_OBJC_ISA_USAGE = YES_ERROR;
				CLANG_WARN_DOCUMENTATION_COMMENTS = YES;
				CLANG_WARN_EMPTY_BODY = YES;
				CLANG_WARN_ENUM_CONVERSION = YES;
				CLANG_WARN_INFINITE_RECURSION = YES;
				CLANG_WARN_INT_CONVERSION = YES;
				CLANG_WARN_NON_LITERAL_NULL_CONVERSION = YES;
				CLANG_WARN_OBJC_IMPLICIT_RETAIN_SELF = YES;
				CLANG_WARN_OBJC_LITERAL_CONVERSION = YES;
				CLANG_WARN_OBJC_ROOT_CLASS = YES_ERROR;
				CLANG_WARN_QUOTED_INCLUDE_IN_FRAMEWORK_HEADER = YES;
				CLANG_WARN_RANGE_LOOP_ANALYSIS = YES;
				CLANG_WARN_STRICT_PROTOTYPES = YES;
				CLANG_WARN_SUSPICIOUS_MOVE = YES;
				CLANG_WARN_UNGUARDED_AVAILABILITY = YES_AGGRESSIVE;
				CLANG_WARN_UNREACHABLE_CODE = YES;
				CLANG_WARN__DUPLICATE_METHOD_MATCH = YES;
				COPY_PHASE_STRIP = NO;
				DEBUG_INFORMATION_FORMAT = dwarf;
				ENABLE_STRICT_OBJC_MSGSEND = YES;
				ENABLE_TESTABILITY = YES;
				ENABLE_USER_SCRIPT_SANDBOXING = YES;
				GCC_C_LANGUAGE_STANDARD = gnu17;
				GCC_DYNAMIC_NO_PIC = NO;
				GCC_NO_COMMON_BLOCKS = YES;
				GCC_OPTIMIZATION_LEVEL = 0;
				GCC_PREPROCESSOR_DEFINITIONS = (
					"DEBUG=1",
					"$(inherited)",
				);
				GCC_WARN_64_TO_32_BIT_CONVERSION = YES;
				GCC_WARN_ABOUT_RETURN_TYPE = YES_ERROR;
				GCC_WARN_UNDECLARED_SELECTOR = YES;
				GCC_WARN_UNINITIALIZED_AUTOS = YES_AGGRESSIVE;
				GCC_WARN_UNUSED_FUNCTION = YES;
				GCC_WARN_UNUSED_VARIABLE = YES;
				IPHONEOS_DEPLOYMENT_TARGET = 17.2;
				LOCALIZATION_PREFERS_STRING_CATALOGS = YES;
				MTL_ENABLE_DEBUG_INFO = INCLUDE_SOURCE;
				MTL_FAST_MATH = YES;
				ONLY_ACTIVE_ARCH = YES;
				SDKROOT = iphoneos;
				SWIFT_ACTIVE_COMPILATION_CONDITIONS = "DEBUG $(inherited)";
				SWIFT_OPTIMIZATION_LEVEL = "-Onone";
			};
			name = Debug;
		};
		527273332BDDF1FE00F3FAD3 /* Release */ = {
			isa = XCBuildConfiguration;
			buildSettings = {
				ALWAYS_SEARCH_USER_PATHS = NO;
				ASSETCATALOG_COMPILER_GENERATE_SWIFT_ASSET_SYMBOL_EXTENSIONS = YES;
				CLANG_ANALYZER_NONNULL = YES;
				CLANG_ANALYZER_NUMBER_OBJECT_CONVERSION = YES_AGGRESSIVE;
				CLANG_CXX_LANGUAGE_STANDARD = "gnu++20";
				CLANG_ENABLE_MODULES = YES;
				CLANG_ENABLE_OBJC_ARC = YES;
				CLANG_ENABLE_OBJC_WEAK = YES;
				CLANG_WARN_BLOCK_CAPTURE_AUTORELEASING = YES;
				CLANG_WARN_BOOL_CONVERSION = YES;
				CLANG_WARN_COMMA = YES;
				CLANG_WARN_CONSTANT_CONVERSION = YES;
				CLANG_WARN_DEPRECATED_OBJC_IMPLEMENTATIONS = YES;
				CLANG_WARN_DIRECT_OBJC_ISA_USAGE = YES_ERROR;
				CLANG_WARN_DOCUMENTATION_COMMENTS = YES;
				CLANG_WARN_EMPTY_BODY = YES;
				CLANG_WARN_ENUM_CONVERSION = YES;
				CLANG_WARN_INFINITE_RECURSION = YES;
				CLANG_WARN_INT_CONVERSION = YES;
				CLANG_WARN_NON_LITERAL_NULL_CONVERSION = YES;
				CLANG_WARN_OBJC_IMPLICIT_RETAIN_SELF = YES;
				CLANG_WARN_OBJC_LITERAL_CONVERSION = YES;
				CLANG_WARN_OBJC_ROOT_CLASS = YES_ERROR;
				CLANG_WARN_QUOTED_INCLUDE_IN_FRAMEWORK_HEADER = YES;
				CLANG_WARN_RANGE_LOOP_ANALYSIS = YES;
				CLANG_WARN_STRICT_PROTOTYPES = YES;
				CLANG_WARN_SUSPICIOUS_MOVE = YES;
				CLANG_WARN_UNGUARDED_AVAILABILITY = YES_AGGRESSIVE;
				CLANG_WARN_UNREACHABLE_CODE = YES;
				CLANG_WARN__DUPLICATE_METHOD_MATCH = YES;
				COPY_PHASE_STRIP = NO;
				DEBUG_INFORMATION_FORMAT = "dwarf-with-dsym";
				ENABLE_NS_ASSERTIONS = NO;
				ENABLE_STRICT_OBJC_MSGSEND = YES;
				ENABLE_USER_SCRIPT_SANDBOXING = YES;
				GCC_C_LANGUAGE_STANDARD = gnu17;
				GCC_NO_COMMON_BLOCKS = YES;
				GCC_WARN_64_TO_32_BIT_CONVERSION = YES;
				GCC_WARN_ABOUT_RETURN_TYPE = YES_ERROR;
				GCC_WARN_UNDECLARED_SELECTOR = YES;
				GCC_WARN_UNINITIALIZED_AUTOS = YES_AGGRESSIVE;
				GCC_WARN_UNUSED_FUNCTION = YES;
				GCC_WARN_UNUSED_VARIABLE = YES;
				IPHONEOS_DEPLOYMENT_TARGET = 17.2;
				LOCALIZATION_PREFERS_STRING_CATALOGS = YES;
				MTL_ENABLE_DEBUG_INFO = NO;
				MTL_FAST_MATH = YES;
				SDKROOT = iphoneos;
				SWIFT_COMPILATION_MODE = wholemodule;
				VALIDATE_PRODUCT = YES;
			};
			name = Release;
		};
		527273352BDDF1FE00F3FAD3 /* Debug */ = {
			isa = XCBuildConfiguration;
			buildSettings = {
				ASSETCATALOG_COMPILER_APPICON_NAME = AppIcon;
				ASSETCATALOG_COMPILER_GLOBAL_ACCENT_COLOR_NAME = AccentColor;
				CODE_SIGN_STYLE = Automatic;
				CURRENT_PROJECT_VERSION = 1;
				DEVELOPMENT_ASSET_PATHS = "\"QuestionMe/Preview Content\"";
				ENABLE_PREVIEWS = YES;
				GENERATE_INFOPLIST_FILE = YES;
				INFOPLIST_KEY_UIApplicationSceneManifest_Generation = YES;
				INFOPLIST_KEY_UIApplicationSupportsIndirectInputEvents = YES;
				INFOPLIST_KEY_UILaunchScreen_Generation = YES;
				INFOPLIST_KEY_UISupportedInterfaceOrientations_iPad = "UIInterfaceOrientationPortrait UIInterfaceOrientationPortraitUpsideDown UIInterfaceOrientationLandscapeLeft UIInterfaceOrientationLandscapeRight";
				INFOPLIST_KEY_UISupportedInterfaceOrientations_iPhone = "UIInterfaceOrientationPortrait UIInterfaceOrientationLandscapeLeft UIInterfaceOrientationLandscapeRight";
				LD_RUNPATH_SEARCH_PATHS = (
					"$(inherited)",
					"@executable_path/Frameworks",
				);
				MARKETING_VERSION = 1.0;
				PRODUCT_BUNDLE_IDENTIFIER = io.programou.QuestionMe;
				PRODUCT_NAME = "$(TARGET_NAME)";
				SWIFT_EMIT_LOC_STRINGS = YES;
				SWIFT_VERSION = 5.0;
				TARGETED_DEVICE_FAMILY = "1,2";
			};
			name = Debug;
		};
		527273362BDDF1FE00F3FAD3 /* Release */ = {
			isa = XCBuildConfiguration;
			buildSettings = {
				ASSETCATALOG_COMPILER_APPICON_NAME = AppIcon;
				ASSETCATALOG_COMPILER_GLOBAL_ACCENT_COLOR_NAME = AccentColor;
				CODE_SIGN_STYLE = Automatic;
				CURRENT_PROJECT_VERSION = 1;
				DEVELOPMENT_ASSET_PATHS = "\"QuestionMe/Preview Content\"";
				ENABLE_PREVIEWS = YES;
				GENERATE_INFOPLIST_FILE = YES;
				INFOPLIST_KEY_UIApplicationSceneManifest_Generation = YES;
				INFOPLIST_KEY_UIApplicationSupportsIndirectInputEvents = YES;
				INFOPLIST_KEY_UILaunchScreen_Generation = YES;
				INFOPLIST_KEY_UISupportedInterfaceOrientations_iPad = "UIInterfaceOrientationPortrait UIInterfaceOrientationPortraitUpsideDown UIInterfaceOrientationLandscapeLeft UIInterfaceOrientationLandscapeRight";
				INFOPLIST_KEY_UISupportedInterfaceOrientations_iPhone = "UIInterfaceOrientationPortrait UIInterfaceOrientationLandscapeLeft UIInterfaceOrientationLandscapeRight";
				LD_RUNPATH_SEARCH_PATHS = (
					"$(inherited)",
					"@executable_path/Frameworks",
				);
				MARKETING_VERSION = 1.0;
				PRODUCT_BUNDLE_IDENTIFIER = io.programou.QuestionMe;
				PRODUCT_NAME = "$(TARGET_NAME)";
				SWIFT_EMIT_LOC_STRINGS = YES;
				SWIFT_VERSION = 5.0;
				TARGETED_DEVICE_FAMILY = "1,2";
			};
			name = Release;
		};
		527273382BDDF1FE00F3FAD3 /* Debug */ = {
			isa = XCBuildConfiguration;
			buildSettings = {
				ALWAYS_EMBED_SWIFT_STANDARD_LIBRARIES = YES;
				BUNDLE_LOADER = "$(TEST_HOST)";
				CODE_SIGN_STYLE = Automatic;
				CURRENT_PROJECT_VERSION = 1;
				GENERATE_INFOPLIST_FILE = YES;
				IPHONEOS_DEPLOYMENT_TARGET = 17.2;
				MARKETING_VERSION = 1.0;
				PRODUCT_BUNDLE_IDENTIFIER = io.programou.QuestionMeTests;
				PRODUCT_NAME = "$(TARGET_NAME)";
				SWIFT_EMIT_LOC_STRINGS = NO;
				SWIFT_VERSION = 5.0;
				TARGETED_DEVICE_FAMILY = "1,2";
				TEST_HOST = "$(BUILT_PRODUCTS_DIR)/QuestionMe.app/$(BUNDLE_EXECUTABLE_FOLDER_PATH)/QuestionMe";
			};
			name = Debug;
		};
		527273392BDDF1FE00F3FAD3 /* Release */ = {
			isa = XCBuildConfiguration;
			buildSettings = {
				ALWAYS_EMBED_SWIFT_STANDARD_LIBRARIES = YES;
				BUNDLE_LOADER = "$(TEST_HOST)";
				CODE_SIGN_STYLE = Automatic;
				CURRENT_PROJECT_VERSION = 1;
				GENERATE_INFOPLIST_FILE = YES;
				IPHONEOS_DEPLOYMENT_TARGET = 17.2;
				MARKETING_VERSION = 1.0;
				PRODUCT_BUNDLE_IDENTIFIER = io.programou.QuestionMeTests;
				PRODUCT_NAME = "$(TARGET_NAME)";
				SWIFT_EMIT_LOC_STRINGS = NO;
				SWIFT_VERSION = 5.0;
				TARGETED_DEVICE_FAMILY = "1,2";
				TEST_HOST = "$(BUILT_PRODUCTS_DIR)/QuestionMe.app/$(BUNDLE_EXECUTABLE_FOLDER_PATH)/QuestionMe";
			};
			name = Release;
		};
/* End XCBuildConfiguration section */

/* Begin XCConfigurationList section */
		5272730B2BDDF1FB00F3FAD3 /* Build configuration list for PBXProject "QuestionMe" */ = {
			isa = XCConfigurationList;
			buildConfigurations = (
				527273322BDDF1FE00F3FAD3 /* Debug */,
				527273332BDDF1FE00F3FAD3 /* Release */,
			);
			defaultConfigurationIsVisible = 0;
			defaultConfigurationName = Release;
		};
		527273342BDDF1FE00F3FAD3 /* Build configuration list for PBXNativeTarget "QuestionMe" */ = {
			isa = XCConfigurationList;
			buildConfigurations = (
				527273352BDDF1FE00F3FAD3 /* Debug */,
				527273362BDDF1FE00F3FAD3 /* Release */,
			);
			defaultConfigurationIsVisible = 0;
			defaultConfigurationName = Release;
		};
		527273372BDDF1FE00F3FAD3 /* Build configuration list for PBXNativeTarget "QuestionMeTests" */ = {
			isa = XCConfigurationList;
			buildConfigurations = (
				527273382BDDF1FE00F3FAD3 /* Debug */,
				527273392BDDF1FE00F3FAD3 /* Release */,
			);
			defaultConfigurationIsVisible = 0;
			defaultConfigurationName = Release;
		};
/* End XCConfigurationList section */
	};
	rootObject = 527273082BDDF1FB00F3FAD3 /* Project object */;
}
