// !$*UTF8*$!
{
	archiveVersion = 1;
	classes = {
	};
	objectVersion = 56;
	objects = {

/* Begin PBXBuildFile section */
		527273142BDDF1FB00F3FAD3 /* App.swift in Sources */ = {isa = PBXBuildFile; fileRef = 527273132BDDF1FB00F3FAD3 /* App.swift */; };
		527273162BDDF1FB00F3FAD3 /* InterviewsView.swift in Sources */ = {isa = PBXBuildFile; fileRef = 527273152BDDF1FB00F3FAD3 /* InterviewsView.swift */; };
		527273182BDDF1FD00F3FAD3 /* Assets.xcassets in Resources */ = {isa = PBXBuildFile; fileRef = 527273172BDDF1FD00F3FAD3 /* Assets.xcassets */; };
		5272731B2BDDF1FD00F3FAD3 /* Preview Assets.xcassets in Resources */ = {isa = PBXBuildFile; fileRef = 5272731A2BDDF1FD00F3FAD3 /* Preview Assets.xcassets */; };
		527273252BDDF1FE00F3FAD3 /* QuestionMeTests.swift in Sources */ = {isa = PBXBuildFile; fileRef = 527273242BDDF1FE00F3FAD3 /* QuestionMeTests.swift */; };
		527273452BDE72E800F3FAD3 /* GoogleService-Info.plist in Resources */ = {isa = PBXBuildFile; fileRef = 527273442BDE72E700F3FAD3 /* GoogleService-Info.plist */; };
		527273482BDE737A00F3FAD3 /* FirebaseAnalytics in Frameworks */ = {isa = PBXBuildFile; productRef = 527273472BDE737A00F3FAD3 /* FirebaseAnalytics */; };
		5272734A2BDE737A00F3FAD3 /* FirebaseAnalyticsOnDeviceConversion in Frameworks */ = {isa = PBXBuildFile; productRef = 527273492BDE737A00F3FAD3 /* FirebaseAnalyticsOnDeviceConversion */; };
		5272734C2BDE737A00F3FAD3 /* FirebaseAnalyticsSwift in Frameworks */ = {isa = PBXBuildFile; productRef = 5272734B2BDE737A00F3FAD3 /* FirebaseAnalyticsSwift */; };
		5272734E2BDE737A00F3FAD3 /* FirebaseAnalyticsWithoutAdIdSupport in Frameworks */ = {isa = PBXBuildFile; productRef = 5272734D2BDE737A00F3FAD3 /* FirebaseAnalyticsWithoutAdIdSupport */; };
		527273502BDE737A00F3FAD3 /* FirebaseAppCheck in Frameworks */ = {isa = PBXBuildFile; productRef = 5272734F2BDE737A00F3FAD3 /* FirebaseAppCheck */; };
		527273522BDE737A00F3FAD3 /* FirebaseAppDistribution-Beta in Frameworks */ = {isa = PBXBuildFile; productRef = 527273512BDE737A00F3FAD3 /* FirebaseAppDistribution-Beta */; };
		527273542BDE737A00F3FAD3 /* FirebaseCrashlytics in Frameworks */ = {isa = PBXBuildFile; productRef = 527273532BDE737A00F3FAD3 /* FirebaseCrashlytics */; };
		527273562BDE737A00F3FAD3 /* FirebaseDatabase in Frameworks */ = {isa = PBXBuildFile; productRef = 527273552BDE737A00F3FAD3 /* FirebaseDatabase */; };
		527273582BDE737A00F3FAD3 /* FirebaseDatabaseSwift in Frameworks */ = {isa = PBXBuildFile; productRef = 527273572BDE737A00F3FAD3 /* FirebaseDatabaseSwift */; };
		5272735A2BDE737A00F3FAD3 /* FirebaseDynamicLinks in Frameworks */ = {isa = PBXBuildFile; productRef = 527273592BDE737A00F3FAD3 /* FirebaseDynamicLinks */; };
		5272735C2BDE737A00F3FAD3 /* FirebaseFirestore in Frameworks */ = {isa = PBXBuildFile; productRef = 5272735B2BDE737A00F3FAD3 /* FirebaseFirestore */; };
		5272735E2BDE737A00F3FAD3 /* FirebaseFirestoreCombine-Community in Frameworks */ = {isa = PBXBuildFile; productRef = 5272735D2BDE737A00F3FAD3 /* FirebaseFirestoreCombine-Community */; };
		527273602BDE737A00F3FAD3 /* FirebaseFirestoreSwift in Frameworks */ = {isa = PBXBuildFile; productRef = 5272735F2BDE737A00F3FAD3 /* FirebaseFirestoreSwift */; };
		527273622BDE737A00F3FAD3 /* FirebaseFunctions in Frameworks */ = {isa = PBXBuildFile; productRef = 527273612BDE737A00F3FAD3 /* FirebaseFunctions */; };
		527273642BDE737A00F3FAD3 /* FirebaseFunctionsCombine-Community in Frameworks */ = {isa = PBXBuildFile; productRef = 527273632BDE737A00F3FAD3 /* FirebaseFunctionsCombine-Community */; };
		527273662BDE737A00F3FAD3 /* FirebaseInAppMessaging-Beta in Frameworks */ = {isa = PBXBuildFile; productRef = 527273652BDE737A00F3FAD3 /* FirebaseInAppMessaging-Beta */; };
		527273682BDE737A00F3FAD3 /* FirebaseInAppMessagingSwift-Beta in Frameworks */ = {isa = PBXBuildFile; productRef = 527273672BDE737A00F3FAD3 /* FirebaseInAppMessagingSwift-Beta */; };
		5272736A2BDE737A00F3FAD3 /* FirebaseInstallations in Frameworks */ = {isa = PBXBuildFile; productRef = 527273692BDE737A00F3FAD3 /* FirebaseInstallations */; };
		5272736C2BDE737A00F3FAD3 /* FirebaseMLModelDownloader in Frameworks */ = {isa = PBXBuildFile; productRef = 5272736B2BDE737A00F3FAD3 /* FirebaseMLModelDownloader */; };
		5272736E2BDE737A00F3FAD3 /* FirebaseMessaging in Frameworks */ = {isa = PBXBuildFile; productRef = 5272736D2BDE737A00F3FAD3 /* FirebaseMessaging */; };
		527273702BDE737A00F3FAD3 /* FirebasePerformance in Frameworks */ = {isa = PBXBuildFile; productRef = 5272736F2BDE737A00F3FAD3 /* FirebasePerformance */; };
		527273722BDE737A00F3FAD3 /* FirebaseRemoteConfig in Frameworks */ = {isa = PBXBuildFile; productRef = 527273712BDE737A00F3FAD3 /* FirebaseRemoteConfig */; };
		527273742BDE737A00F3FAD3 /* FirebaseRemoteConfigSwift in Frameworks */ = {isa = PBXBuildFile; productRef = 527273732BDE737A00F3FAD3 /* FirebaseRemoteConfigSwift */; };
		527273762BDE737A00F3FAD3 /* FirebaseStorage in Frameworks */ = {isa = PBXBuildFile; productRef = 527273752BDE737A00F3FAD3 /* FirebaseStorage */; };
		527273782BDE737A00F3FAD3 /* FirebaseStorageCombine-Community in Frameworks */ = {isa = PBXBuildFile; productRef = 527273772BDE737A00F3FAD3 /* FirebaseStorageCombine-Community */; };
		5272737A2BDE73FA00F3FAD3 /* AppDelegate.swift in Sources */ = {isa = PBXBuildFile; fileRef = 527273792BDE73FA00F3FAD3 /* AppDelegate.swift */; };
		5272737C2BDE826A00F3FAD3 /* InterviewManualSeed.swift in Sources */ = {isa = PBXBuildFile; fileRef = 5272737B2BDE826A00F3FAD3 /* InterviewManualSeed.swift */; };
		5272737E2BDE832E00F3FAD3 /* FirebaseInterviewModel.swift in Sources */ = {isa = PBXBuildFile; fileRef = 5272737D2BDE832E00F3FAD3 /* FirebaseInterviewModel.swift */; };
		527CCAD92BDEEEE90039CDA6 /* HeadlineText.swift in Sources */ = {isa = PBXBuildFile; fileRef = 527CCAD82BDEEEE90039CDA6 /* HeadlineText.swift */; };
		527CCADB2BDEEEF90039CDA6 /* BodyText.swift in Sources */ = {isa = PBXBuildFile; fileRef = 527CCADA2BDEEEF90039CDA6 /* BodyText.swift */; };
		527CCADD2BDEEF0A0039CDA6 /* RoundedButton.swift in Sources */ = {isa = PBXBuildFile; fileRef = 527CCADC2BDEEF0A0039CDA6 /* RoundedButton.swift */; };
		527CCADF2BDEEF230039CDA6 /* FirabseInterviewsReposiory.swift in Sources */ = {isa = PBXBuildFile; fileRef = 527CCADE2BDEEF230039CDA6 /* FirabseInterviewsReposiory.swift */; };
		527CCAE12BDEEF470039CDA6 /* BackgroundView.swift in Sources */ = {isa = PBXBuildFile; fileRef = 527CCAE02BDEEF470039CDA6 /* BackgroundView.swift */; };
		527CCAE32BDEEF5E0039CDA6 /* InterviewCardItemView.swift in Sources */ = {isa = PBXBuildFile; fileRef = 527CCAE22BDEEF5E0039CDA6 /* InterviewCardItemView.swift */; };
		527CCAE52BDEF3B20039CDA6 /* CircularLoader.swift in Sources */ = {isa = PBXBuildFile; fileRef = 527CCAE42BDEF3B20039CDA6 /* CircularLoader.swift */; };
		527CCAE72BDEF4650039CDA6 /* ErrorView.swift in Sources */ = {isa = PBXBuildFile; fileRef = 527CCAE62BDEF4650039CDA6 /* ErrorView.swift */; };
		527CCAE92BDEF4A50039CDA6 /* SymbolImage.swift in Sources */ = {isa = PBXBuildFile; fileRef = 527CCAE82BDEF4A50039CDA6 /* SymbolImage.swift */; };
		527CCAEB2BDEF4B30039CDA6 /* Symbol.swift in Sources */ = {isa = PBXBuildFile; fileRef = 527CCAEA2BDEF4B30039CDA6 /* Symbol.swift */; };
/* End PBXBuildFile section */

/* Begin PBXContainerItemProxy section */
		527273212BDDF1FE00F3FAD3 /* PBXContainerItemProxy */ = {
			isa = PBXContainerItemProxy;
			containerPortal = 527273082BDDF1FB00F3FAD3 /* Project object */;
			proxyType = 1;
			remoteGlobalIDString = 5272730F2BDDF1FB00F3FAD3;
			remoteInfo = QuestionMe;
		};
/* End PBXContainerItemProxy section */

/* Begin PBXFileReference section */
		527273102BDDF1FB00F3FAD3 /* QuestionMe.app */ = {isa = PBXFileReference; explicitFileType = wrapper.application; includeInIndex = 0; path = QuestionMe.app; sourceTree = BUILT_PRODUCTS_DIR; };
		527273132BDDF1FB00F3FAD3 /* App.swift */ = {isa = PBXFileReference; lastKnownFileType = sourcecode.swift; path = App.swift; sourceTree = "<group>"; };
		527273152BDDF1FB00F3FAD3 /* InterviewsView.swift */ = {isa = PBXFileReference; lastKnownFileType = sourcecode.swift; path = InterviewsView.swift; sourceTree = "<group>"; };
		527273172BDDF1FD00F3FAD3 /* Assets.xcassets */ = {isa = PBXFileReference; lastKnownFileType = folder.assetcatalog; path = Assets.xcassets; sourceTree = "<group>"; };
		5272731A2BDDF1FD00F3FAD3 /* Preview Assets.xcassets */ = {isa = PBXFileReference; lastKnownFileType = folder.assetcatalog; path = "Preview Assets.xcassets"; sourceTree = "<group>"; };
		527273202BDDF1FE00F3FAD3 /* QuestionMeTests.xctest */ = {isa = PBXFileReference; explicitFileType = wrapper.cfbundle; includeInIndex = 0; path = QuestionMeTests.xctest; sourceTree = BUILT_PRODUCTS_DIR; };
		527273242BDDF1FE00F3FAD3 /* QuestionMeTests.swift */ = {isa = PBXFileReference; lastKnownFileType = sourcecode.swift; path = QuestionMeTests.swift; sourceTree = "<group>"; };
		5272733D2BDDF43200F3FAD3 /* QuestionMe.xctestplan */ = {isa = PBXFileReference; lastKnownFileType = text; path = QuestionMe.xctestplan; sourceTree = "<group>"; };
		527273442BDE72E700F3FAD3 /* GoogleService-Info.plist */ = {isa = PBXFileReference; fileEncoding = 4; lastKnownFileType = text.plist.xml; path = "GoogleService-Info.plist"; sourceTree = "<group>"; };
		527273792BDE73FA00F3FAD3 /* AppDelegate.swift */ = {isa = PBXFileReference; lastKnownFileType = sourcecode.swift; path = AppDelegate.swift; sourceTree = "<group>"; };
		5272737B2BDE826A00F3FAD3 /* InterviewManualSeed.swift */ = {isa = PBXFileReference; lastKnownFileType = sourcecode.swift; path = InterviewManualSeed.swift; sourceTree = "<group>"; };
		5272737D2BDE832E00F3FAD3 /* FirebaseInterviewModel.swift */ = {isa = PBXFileReference; lastKnownFileType = sourcecode.swift; path = FirebaseInterviewModel.swift; sourceTree = "<group>"; };
		527CCAD82BDEEEE90039CDA6 /* HeadlineText.swift */ = {isa = PBXFileReference; lastKnownFileType = sourcecode.swift; path = HeadlineText.swift; sourceTree = "<group>"; };
		527CCADA2BDEEEF90039CDA6 /* BodyText.swift */ = {isa = PBXFileReference; lastKnownFileType = sourcecode.swift; path = BodyText.swift; sourceTree = "<group>"; };
		527CCADC2BDEEF0A0039CDA6 /* RoundedButton.swift */ = {isa = PBXFileReference; lastKnownFileType = sourcecode.swift; path = RoundedButton.swift; sourceTree = "<group>"; };
		527CCADE2BDEEF230039CDA6 /* FirabseInterviewsReposiory.swift */ = {isa = PBXFileReference; lastKnownFileType = sourcecode.swift; path = FirabseInterviewsReposiory.swift; sourceTree = "<group>"; };
		527CCAE02BDEEF470039CDA6 /* BackgroundView.swift */ = {isa = PBXFileReference; lastKnownFileType = sourcecode.swift; path = BackgroundView.swift; sourceTree = "<group>"; };
		527CCAE22BDEEF5E0039CDA6 /* InterviewCardItemView.swift */ = {isa = PBXFileReference; lastKnownFileType = sourcecode.swift; path = InterviewCardItemView.swift; sourceTree = "<group>"; };
		527CCAE42BDEF3B20039CDA6 /* CircularLoader.swift */ = {isa = PBXFileReference; lastKnownFileType = sourcecode.swift; path = CircularLoader.swift; sourceTree = "<group>"; };
		527CCAE62BDEF4650039CDA6 /* ErrorView.swift */ = {isa = PBXFileReference; lastKnownFileType = sourcecode.swift; path = ErrorView.swift; sourceTree = "<group>"; };
		527CCAE82BDEF4A50039CDA6 /* SymbolImage.swift */ = {isa = PBXFileReference; lastKnownFileType = sourcecode.swift; path = SymbolImage.swift; sourceTree = "<group>"; };
		527CCAEA2BDEF4B30039CDA6 /* Symbol.swift */ = {isa = PBXFileReference; lastKnownFileType = sourcecode.swift; path = Symbol.swift; sourceTree = "<group>"; };
/* End PBXFileReference section */

/* Begin PBXFrameworksBuildPhase section */
		5272730D2BDDF1FB00F3FAD3 /* Frameworks */ = {
			isa = PBXFrameworksBuildPhase;
			buildActionMask = 2147483647;
			files = (
				5272734C2BDE737A00F3FAD3 /* FirebaseAnalyticsSwift in Frameworks */,
				527273682BDE737A00F3FAD3 /* FirebaseInAppMessagingSwift-Beta in Frameworks */,
				527273622BDE737A00F3FAD3 /* FirebaseFunctions in Frameworks */,
				5272736A2BDE737A00F3FAD3 /* FirebaseInstallations in Frameworks */,
				527273482BDE737A00F3FAD3 /* FirebaseAnalytics in Frameworks */,
				527273762BDE737A00F3FAD3 /* FirebaseStorage in Frameworks */,
				5272734A2BDE737A00F3FAD3 /* FirebaseAnalyticsOnDeviceConversion in Frameworks */,
				527273582BDE737A00F3FAD3 /* FirebaseDatabaseSwift in Frameworks */,
				527273542BDE737A00F3FAD3 /* FirebaseCrashlytics in Frameworks */,
				527273502BDE737A00F3FAD3 /* FirebaseAppCheck in Frameworks */,
				5272734E2BDE737A00F3FAD3 /* FirebaseAnalyticsWithoutAdIdSupport in Frameworks */,
				527273642BDE737A00F3FAD3 /* FirebaseFunctionsCombine-Community in Frameworks */,
				527273722BDE737A00F3FAD3 /* FirebaseRemoteConfig in Frameworks */,
				527273602BDE737A00F3FAD3 /* FirebaseFirestoreSwift in Frameworks */,
				5272736E2BDE737A00F3FAD3 /* FirebaseMessaging in Frameworks */,
				5272736C2BDE737A00F3FAD3 /* FirebaseMLModelDownloader in Frameworks */,
				527273702BDE737A00F3FAD3 /* FirebasePerformance in Frameworks */,
				527273562BDE737A00F3FAD3 /* FirebaseDatabase in Frameworks */,
				527273662BDE737A00F3FAD3 /* FirebaseInAppMessaging-Beta in Frameworks */,
				527273742BDE737A00F3FAD3 /* FirebaseRemoteConfigSwift in Frameworks */,
				527273522BDE737A00F3FAD3 /* FirebaseAppDistribution-Beta in Frameworks */,
				5272735E2BDE737A00F3FAD3 /* FirebaseFirestoreCombine-Community in Frameworks */,
				527273782BDE737A00F3FAD3 /* FirebaseStorageCombine-Community in Frameworks */,
				5272735C2BDE737A00F3FAD3 /* FirebaseFirestore in Frameworks */,
				5272735A2BDE737A00F3FAD3 /* FirebaseDynamicLinks in Frameworks */,
			);
			runOnlyForDeploymentPostprocessing = 0;
		};
		5272731D2BDDF1FE00F3FAD3 /* Frameworks */ = {
			isa = PBXFrameworksBuildPhase;
			buildActionMask = 2147483647;
			files = (
			);
			runOnlyForDeploymentPostprocessing = 0;
		};
/* End PBXFrameworksBuildPhase section */

/* Begin PBXGroup section */
		527273072BDDF1FB00F3FAD3 = {
			isa = PBXGroup;
			children = (
				5272733D2BDDF43200F3FAD3 /* QuestionMe.xctestplan */,
				527273122BDDF1FB00F3FAD3 /* QuestionMe */,
				527273232BDDF1FE00F3FAD3 /* QuestionMeTests */,
				527273112BDDF1FB00F3FAD3 /* Products */,
			);
			sourceTree = "<group>";
		};
		527273112BDDF1FB00F3FAD3 /* Products */ = {
			isa = PBXGroup;
			children = (
				527273102BDDF1FB00F3FAD3 /* QuestionMe.app */,
				527273202BDDF1FE00F3FAD3 /* QuestionMeTests.xctest */,
			);
			name = Products;
			sourceTree = "<group>";
		};
		527273122BDDF1FB00F3FAD3 /* QuestionMe */ = {
			isa = PBXGroup;
			children = (
				527273442BDE72E700F3FAD3 /* GoogleService-Info.plist */,
				527273132BDDF1FB00F3FAD3 /* App.swift */,
				527273152BDDF1FB00F3FAD3 /* InterviewsView.swift */,
				527273172BDDF1FD00F3FAD3 /* Assets.xcassets */,
				527273192BDDF1FD00F3FAD3 /* Preview Content */,
				527273792BDE73FA00F3FAD3 /* AppDelegate.swift */,
				5272737B2BDE826A00F3FAD3 /* InterviewManualSeed.swift */,
				5272737D2BDE832E00F3FAD3 /* FirebaseInterviewModel.swift */,
				527CCAD82BDEEEE90039CDA6 /* HeadlineText.swift */,
				527CCADA2BDEEEF90039CDA6 /* BodyText.swift */,
				527CCADC2BDEEF0A0039CDA6 /* RoundedButton.swift */,
				527CCADE2BDEEF230039CDA6 /* FirabseInterviewsReposiory.swift */,
				527CCAE02BDEEF470039CDA6 /* BackgroundView.swift */,
				527CCAE22BDEEF5E0039CDA6 /* InterviewCardItemView.swift */,
				527CCAE42BDEF3B20039CDA6 /* CircularLoader.swift */,
				527CCAE62BDEF4650039CDA6 /* ErrorView.swift */,
				527CCAE82BDEF4A50039CDA6 /* SymbolImage.swift */,
				527CCAEA2BDEF4B30039CDA6 /* Symbol.swift */,
			);
			path = QuestionMe;
			sourceTree = "<group>";
		};
		527273192BDDF1FD00F3FAD3 /* Preview Content */ = {
			isa = PBXGroup;
			children = (
				5272731A2BDDF1FD00F3FAD3 /* Preview Assets.xcassets */,
			);
			path = "Preview Content";
			sourceTree = "<group>";
		};
		527273232BDDF1FE00F3FAD3 /* QuestionMeTests */ = {
			isa = PBXGroup;
			children = (
				527273242BDDF1FE00F3FAD3 /* QuestionMeTests.swift */,
			);
			path = QuestionMeTests;
			sourceTree = "<group>";
		};
/* End PBXGroup section */

/* Begin PBXNativeTarget section */
		5272730F2BDDF1FB00F3FAD3 /* QuestionMe */ = {
			isa = PBXNativeTarget;
			buildConfigurationList = 527273342BDDF1FE00F3FAD3 /* Build configuration list for PBXNativeTarget "QuestionMe" */;
			buildPhases = (
				5272730C2BDDF1FB00F3FAD3 /* Sources */,
				5272730D2BDDF1FB00F3FAD3 /* Frameworks */,
				5272730E2BDDF1FB00F3FAD3 /* Resources */,
				527273432BDE644E00F3FAD3 /* Run SwiftLint */,
			);
			buildRules = (
			);
			dependencies = (
			);
			name = QuestionMe;
			packageProductDependencies = (
				527273472BDE737A00F3FAD3 /* FirebaseAnalytics */,
				527273492BDE737A00F3FAD3 /* FirebaseAnalyticsOnDeviceConversion */,
				5272734B2BDE737A00F3FAD3 /* FirebaseAnalyticsSwift */,
				5272734D2BDE737A00F3FAD3 /* FirebaseAnalyticsWithoutAdIdSupport */,
				5272734F2BDE737A00F3FAD3 /* FirebaseAppCheck */,
				527273512BDE737A00F3FAD3 /* FirebaseAppDistribution-Beta */,
				527273532BDE737A00F3FAD3 /* FirebaseCrashlytics */,
				527273552BDE737A00F3FAD3 /* FirebaseDatabase */,
				527273572BDE737A00F3FAD3 /* FirebaseDatabaseSwift */,
				527273592BDE737A00F3FAD3 /* FirebaseDynamicLinks */,
				5272735B2BDE737A00F3FAD3 /* FirebaseFirestore */,
				5272735D2BDE737A00F3FAD3 /* FirebaseFirestoreCombine-Community */,
				5272735F2BDE737A00F3FAD3 /* FirebaseFirestoreSwift */,
				527273612BDE737A00F3FAD3 /* FirebaseFunctions */,
				527273632BDE737A00F3FAD3 /* FirebaseFunctionsCombine-Community */,
				527273652BDE737A00F3FAD3 /* FirebaseInAppMessaging-Beta */,
				527273672BDE737A00F3FAD3 /* FirebaseInAppMessagingSwift-Beta */,
				527273692BDE737A00F3FAD3 /* FirebaseInstallations */,
				5272736B2BDE737A00F3FAD3 /* FirebaseMLModelDownloader */,
				5272736D2BDE737A00F3FAD3 /* FirebaseMessaging */,
				5272736F2BDE737A00F3FAD3 /* FirebasePerformance */,
				527273712BDE737A00F3FAD3 /* FirebaseRemoteConfig */,
				527273732BDE737A00F3FAD3 /* FirebaseRemoteConfigSwift */,
				527273752BDE737A00F3FAD3 /* FirebaseStorage */,
				527273772BDE737A00F3FAD3 /* FirebaseStorageCombine-Community */,
			);
			productName = QuestionMe;
			productReference = 527273102BDDF1FB00F3FAD3 /* QuestionMe.app */;
			productType = "com.apple.product-type.application";
		};
		5272731F2BDDF1FE00F3FAD3 /* QuestionMeTests */ = {
			isa = PBXNativeTarget;
			buildConfigurationList = 527273372BDDF1FE00F3FAD3 /* Build configuration list for PBXNativeTarget "QuestionMeTests" */;
			buildPhases = (
				5272731C2BDDF1FE00F3FAD3 /* Sources */,
				5272731D2BDDF1FE00F3FAD3 /* Frameworks */,
				5272731E2BDDF1FE00F3FAD3 /* Resources */,
			);
			buildRules = (
			);
			dependencies = (
				527273222BDDF1FE00F3FAD3 /* PBXTargetDependency */,
			);
			name = QuestionMeTests;
			productName = QuestionMeTests;
			productReference = 527273202BDDF1FE00F3FAD3 /* QuestionMeTests.xctest */;
			productType = "com.apple.product-type.bundle.unit-test";
		};
/* End PBXNativeTarget section */

/* Begin PBXProject section */
		527273082BDDF1FB00F3FAD3 /* Project object */ = {
			isa = PBXProject;
			attributes = {
				BuildIndependentTargetsInParallel = 1;
				LastSwiftUpdateCheck = 1510;
				LastUpgradeCheck = 1510;
				TargetAttributes = {
					5272730F2BDDF1FB00F3FAD3 = {
						CreatedOnToolsVersion = 15.1;
					};
					5272731F2BDDF1FE00F3FAD3 = {
						CreatedOnToolsVersion = 15.1;
						TestTargetID = 5272730F2BDDF1FB00F3FAD3;
					};
				};
			};
			buildConfigurationList = 5272730B2BDDF1FB00F3FAD3 /* Build configuration list for PBXProject "QuestionMe" */;
			compatibilityVersion = "Xcode 14.0";
			developmentRegion = en;
			hasScannedForEncodings = 0;
			knownRegions = (
				en,
				Base,
			);
			mainGroup = 527273072BDDF1FB00F3FAD3;
			packageReferences = (
				527273462BDE737A00F3FAD3 /* XCRemoteSwiftPackageReference "firebase-ios-sdk" */,
			);
			productRefGroup = 527273112BDDF1FB00F3FAD3 /* Products */;
			projectDirPath = "";
			projectRoot = "";
			targets = (
				5272730F2BDDF1FB00F3FAD3 /* QuestionMe */,
				5272731F2BDDF1FE00F3FAD3 /* QuestionMeTests */,
			);
		};
/* End PBXProject section */

/* Begin PBXResourcesBuildPhase section */
		5272730E2BDDF1FB00F3FAD3 /* Resources */ = {
			isa = PBXResourcesBuildPhase;
			buildActionMask = 2147483647;
			files = (
				5272731B2BDDF1FD00F3FAD3 /* Preview Assets.xcassets in Resources */,
				527273182BDDF1FD00F3FAD3 /* Assets.xcassets in Resources */,
				527273452BDE72E800F3FAD3 /* GoogleService-Info.plist in Resources */,
			);
			runOnlyForDeploymentPostprocessing = 0;
		};
		5272731E2BDDF1FE00F3FAD3 /* Resources */ = {
			isa = PBXResourcesBuildPhase;
			buildActionMask = 2147483647;
			files = (
			);
			runOnlyForDeploymentPostprocessing = 0;
		};
/* End PBXResourcesBuildPhase section */

/* Begin PBXShellScriptBuildPhase section */
		527273432BDE644E00F3FAD3 /* Run SwiftLint */ = {
			isa = PBXShellScriptBuildPhase;
			buildActionMask = 2147483647;
			files = (
			);
			inputFileListPaths = (
			);
			inputPaths = (
			);
			name = "Run SwiftLint";
			outputFileListPaths = (
			);
			outputPaths = (
			);
			runOnlyForDeploymentPostprocessing = 0;
			shellPath = /bin/sh;
			shellScript = "#if [[ \"$(uname -m)\" == arm64 ]]; then\n    #export PATH=\"/opt/homebrew/bin:$PATH\"\n#fi\n\n#if which swiftlint > /dev/null; then\n  # swiftlint --fix && swiftlint\n#else\n  #echo \"warning: SwiftLint not installed, download from https://github.com/realm/SwiftLint\"\n#fi\n";
		};
/* End PBXShellScriptBuildPhase section */

/* Begin PBXSourcesBuildPhase section */
		5272730C2BDDF1FB00F3FAD3 /* Sources */ = {
			isa = PBXSourcesBuildPhase;
			buildActionMask = 2147483647;
			files = (
				527CCAE12BDEEF470039CDA6 /* BackgroundView.swift in Sources */,
				5272737C2BDE826A00F3FAD3 /* InterviewManualSeed.swift in Sources */,
				5272737A2BDE73FA00F3FAD3 /* AppDelegate.swift in Sources */,
				527CCAE92BDEF4A50039CDA6 /* SymbolImage.swift in Sources */,
				527CCAE32BDEEF5E0039CDA6 /* InterviewCardItemView.swift in Sources */,
				527CCAD92BDEEEE90039CDA6 /* HeadlineText.swift in Sources */,
				527CCADD2BDEEF0A0039CDA6 /* RoundedButton.swift in Sources */,
				527CCADB2BDEEEF90039CDA6 /* BodyText.swift in Sources */,
				527273162BDDF1FB00F3FAD3 /* InterviewsView.swift in Sources */,
				527273142BDDF1FB00F3FAD3 /* App.swift in Sources */,
				5272737E2BDE832E00F3FAD3 /* FirebaseInterviewModel.swift in Sources */,
				527CCAEB2BDEF4B30039CDA6 /* Symbol.swift in Sources */,
				527CCADF2BDEEF230039CDA6 /* FirabseInterviewsReposiory.swift in Sources */,
				527CCAE72BDEF4650039CDA6 /* ErrorView.swift in Sources */,
				527CCAE52BDEF3B20039CDA6 /* CircularLoader.swift in Sources */,
			);
			runOnlyForDeploymentPostprocessing = 0;
		};
		5272731C2BDDF1FE00F3FAD3 /* Sources */ = {
			isa = PBXSourcesBuildPhase;
			buildActionMask = 2147483647;
			files = (
				527273252BDDF1FE00F3FAD3 /* QuestionMeTests.swift in Sources */,
			);
			runOnlyForDeploymentPostprocessing = 0;
		};
/* End PBXSourcesBuildPhase section */

/* Begin PBXTargetDependency section */
		527273222BDDF1FE00F3FAD3 /* PBXTargetDependency */ = {
			isa = PBXTargetDependency;
			target = 5272730F2BDDF1FB00F3FAD3 /* QuestionMe */;
			targetProxy = 527273212BDDF1FE00F3FAD3 /* PBXContainerItemProxy */;
		};
/* End PBXTargetDependency section */

/* Begin XCBuildConfiguration section */
		527273322BDDF1FE00F3FAD3 /* Debug */ = {
			isa = XCBuildConfiguration;
			buildSettings = {
				ALWAYS_SEARCH_USER_PATHS = NO;
				ASSETCATALOG_COMPILER_GENERATE_SWIFT_ASSET_SYMBOL_EXTENSIONS = YES;
				CLANG_ANALYZER_NONNULL = YES;
				CLANG_ANALYZER_NUMBER_OBJECT_CONVERSION = YES_AGGRESSIVE;
				CLANG_CXX_LANGUAGE_STANDARD = "gnu++20";
				CLANG_ENABLE_MODULES = YES;
				CLANG_ENABLE_OBJC_ARC = YES;
				CLANG_ENABLE_OBJC_WEAK = YES;
				CLANG_WARN_BLOCK_CAPTURE_AUTORELEASING = YES;
				CLANG_WARN_BOOL_CONVERSION = YES;
				CLANG_WARN_COMMA = YES;
				CLANG_WARN_CONSTANT_CONVERSION = YES;
				CLANG_WARN_DEPRECATED_OBJC_IMPLEMENTATIONS = YES;
				CLANG_WARN_DIRECT_OBJC_ISA_USAGE = YES_ERROR;
				CLANG_WARN_DOCUMENTATION_COMMENTS = YES;
				CLANG_WARN_EMPTY_BODY = YES;
				CLANG_WARN_ENUM_CONVERSION = YES;
				CLANG_WARN_INFINITE_RECURSION = YES;
				CLANG_WARN_INT_CONVERSION = YES;
				CLANG_WARN_NON_LITERAL_NULL_CONVERSION = YES;
				CLANG_WARN_OBJC_IMPLICIT_RETAIN_SELF = YES;
				CLANG_WARN_OBJC_LITERAL_CONVERSION = YES;
				CLANG_WARN_OBJC_ROOT_CLASS = YES_ERROR;
				CLANG_WARN_QUOTED_INCLUDE_IN_FRAMEWORK_HEADER = YES;
				CLANG_WARN_RANGE_LOOP_ANALYSIS = YES;
				CLANG_WARN_STRICT_PROTOTYPES = YES;
				CLANG_WARN_SUSPICIOUS_MOVE = YES;
				CLANG_WARN_UNGUARDED_AVAILABILITY = YES_AGGRESSIVE;
				CLANG_WARN_UNREACHABLE_CODE = YES;
				CLANG_WARN__DUPLICATE_METHOD_MATCH = YES;
				COPY_PHASE_STRIP = NO;
				DEBUG_INFORMATION_FORMAT = dwarf;
				ENABLE_STRICT_OBJC_MSGSEND = YES;
				ENABLE_TESTABILITY = YES;
				ENABLE_USER_SCRIPT_SANDBOXING = NO;
				GCC_C_LANGUAGE_STANDARD = gnu17;
				GCC_DYNAMIC_NO_PIC = NO;
				GCC_NO_COMMON_BLOCKS = YES;
				GCC_OPTIMIZATION_LEVEL = 0;
				GCC_PREPROCESSOR_DEFINITIONS = (
					"DEBUG=1",
					"$(inherited)",
				);
				GCC_WARN_64_TO_32_BIT_CONVERSION = YES;
				GCC_WARN_ABOUT_RETURN_TYPE = YES_ERROR;
				GCC_WARN_UNDECLARED_SELECTOR = YES;
				GCC_WARN_UNINITIALIZED_AUTOS = YES_AGGRESSIVE;
				GCC_WARN_UNUSED_FUNCTION = YES;
				GCC_WARN_UNUSED_VARIABLE = YES;
				IPHONEOS_DEPLOYMENT_TARGET = 17.2;
				LOCALIZATION_PREFERS_STRING_CATALOGS = YES;
				MTL_ENABLE_DEBUG_INFO = INCLUDE_SOURCE;
				MTL_FAST_MATH = YES;
				ONLY_ACTIVE_ARCH = YES;
				SDKROOT = iphoneos;
				SWIFT_ACTIVE_COMPILATION_CONDITIONS = "DEBUG $(inherited)";
				SWIFT_OPTIMIZATION_LEVEL = "-Onone";
			};
			name = Debug;
		};
		527273332BDDF1FE00F3FAD3 /* Release */ = {
			isa = XCBuildConfiguration;
			buildSettings = {
				ALWAYS_SEARCH_USER_PATHS = NO;
				ASSETCATALOG_COMPILER_GENERATE_SWIFT_ASSET_SYMBOL_EXTENSIONS = YES;
				CLANG_ANALYZER_NONNULL = YES;
				CLANG_ANALYZER_NUMBER_OBJECT_CONVERSION = YES_AGGRESSIVE;
				CLANG_CXX_LANGUAGE_STANDARD = "gnu++20";
				CLANG_ENABLE_MODULES = YES;
				CLANG_ENABLE_OBJC_ARC = YES;
				CLANG_ENABLE_OBJC_WEAK = YES;
				CLANG_WARN_BLOCK_CAPTURE_AUTORELEASING = YES;
				CLANG_WARN_BOOL_CONVERSION = YES;
				CLANG_WARN_COMMA = YES;
				CLANG_WARN_CONSTANT_CONVERSION = YES;
				CLANG_WARN_DEPRECATED_OBJC_IMPLEMENTATIONS = YES;
				CLANG_WARN_DIRECT_OBJC_ISA_USAGE = YES_ERROR;
				CLANG_WARN_DOCUMENTATION_COMMENTS = YES;
				CLANG_WARN_EMPTY_BODY = YES;
				CLANG_WARN_ENUM_CONVERSION = YES;
				CLANG_WARN_INFINITE_RECURSION = YES;
				CLANG_WARN_INT_CONVERSION = YES;
				CLANG_WARN_NON_LITERAL_NULL_CONVERSION = YES;
				CLANG_WARN_OBJC_IMPLICIT_RETAIN_SELF = YES;
				CLANG_WARN_OBJC_LITERAL_CONVERSION = YES;
				CLANG_WARN_OBJC_ROOT_CLASS = YES_ERROR;
				CLANG_WARN_QUOTED_INCLUDE_IN_FRAMEWORK_HEADER = YES;
				CLANG_WARN_RANGE_LOOP_ANALYSIS = YES;
				CLANG_WARN_STRICT_PROTOTYPES = YES;
				CLANG_WARN_SUSPICIOUS_MOVE = YES;
				CLANG_WARN_UNGUARDED_AVAILABILITY = YES_AGGRESSIVE;
				CLANG_WARN_UNREACHABLE_CODE = YES;
				CLANG_WARN__DUPLICATE_METHOD_MATCH = YES;
				COPY_PHASE_STRIP = NO;
				DEBUG_INFORMATION_FORMAT = "dwarf-with-dsym";
				ENABLE_NS_ASSERTIONS = NO;
				ENABLE_STRICT_OBJC_MSGSEND = YES;
				ENABLE_USER_SCRIPT_SANDBOXING = YES;
				GCC_C_LANGUAGE_STANDARD = gnu17;
				GCC_NO_COMMON_BLOCKS = YES;
				GCC_WARN_64_TO_32_BIT_CONVERSION = YES;
				GCC_WARN_ABOUT_RETURN_TYPE = YES_ERROR;
				GCC_WARN_UNDECLARED_SELECTOR = YES;
				GCC_WARN_UNINITIALIZED_AUTOS = YES_AGGRESSIVE;
				GCC_WARN_UNUSED_FUNCTION = YES;
				GCC_WARN_UNUSED_VARIABLE = YES;
				IPHONEOS_DEPLOYMENT_TARGET = 17.2;
				LOCALIZATION_PREFERS_STRING_CATALOGS = YES;
				MTL_ENABLE_DEBUG_INFO = NO;
				MTL_FAST_MATH = YES;
				SDKROOT = iphoneos;
				SWIFT_COMPILATION_MODE = wholemodule;
				VALIDATE_PRODUCT = YES;
			};
			name = Release;
		};
		527273352BDDF1FE00F3FAD3 /* Debug */ = {
			isa = XCBuildConfiguration;
			buildSettings = {
				ASSETCATALOG_COMPILER_APPICON_NAME = AppIconDebug;
				ASSETCATALOG_COMPILER_GLOBAL_ACCENT_COLOR_NAME = AccentColor;
				ASSETCATALOG_COMPILER_INCLUDE_ALL_APPICON_ASSETS = YES;
				CODE_SIGN_STYLE = Automatic;
				CURRENT_PROJECT_VERSION = 1;
				DEVELOPMENT_ASSET_PATHS = "\"QuestionMe/Preview Content\"";
				ENABLE_PREVIEWS = YES;
				GENERATE_INFOPLIST_FILE = YES;
				INFOPLIST_KEY_CFBundleDisplayName = "Question me";
				INFOPLIST_KEY_LSApplicationCategoryType = "public.app-category.education";
				INFOPLIST_KEY_UIApplicationSceneManifest_Generation = YES;
				INFOPLIST_KEY_UIApplicationSupportsIndirectInputEvents = YES;
				INFOPLIST_KEY_UILaunchScreen_Generation = YES;
				INFOPLIST_KEY_UISupportedInterfaceOrientations = UIInterfaceOrientationPortrait;
				IPHONEOS_DEPLOYMENT_TARGET = 17.2;
				LD_RUNPATH_SEARCH_PATHS = (
					"$(inherited)",
					"@executable_path/Frameworks",
				);
				MARKETING_VERSION = 1.0;
				PRODUCT_BUNDLE_IDENTIFIER = io.programou.QuestionMe;
				PRODUCT_NAME = "$(TARGET_NAME)";
				SUPPORTED_PLATFORMS = "iphoneos iphonesimulator";
				SUPPORTS_MACCATALYST = NO;
				SUPPORTS_MAC_DESIGNED_FOR_IPHONE_IPAD = NO;
				SWIFT_EMIT_LOC_STRINGS = YES;
				SWIFT_VERSION = 5.0;
				TARGETED_DEVICE_FAMILY = 1;
			};
			name = Debug;
		};
		527273362BDDF1FE00F3FAD3 /* Release */ = {
			isa = XCBuildConfiguration;
			buildSettings = {
				ASSETCATALOG_COMPILER_APPICON_NAME = AppIcon;
				ASSETCATALOG_COMPILER_GLOBAL_ACCENT_COLOR_NAME = AccentColor;
				ASSETCATALOG_COMPILER_INCLUDE_ALL_APPICON_ASSETS = YES;
				CODE_SIGN_STYLE = Automatic;
				CURRENT_PROJECT_VERSION = 1;
				DEVELOPMENT_ASSET_PATHS = "\"QuestionMe/Preview Content\"";
				ENABLE_PREVIEWS = YES;
				GENERATE_INFOPLIST_FILE = YES;
				INFOPLIST_KEY_CFBundleDisplayName = "Question me";
				INFOPLIST_KEY_LSApplicationCategoryType = "public.app-category.education";
				INFOPLIST_KEY_UIApplicationSceneManifest_Generation = YES;
				INFOPLIST_KEY_UIApplicationSupportsIndirectInputEvents = YES;
				INFOPLIST_KEY_UILaunchScreen_Generation = YES;
				INFOPLIST_KEY_UISupportedInterfaceOrientations = UIInterfaceOrientationPortrait;
				IPHONEOS_DEPLOYMENT_TARGET = 17.2;
				LD_RUNPATH_SEARCH_PATHS = (
					"$(inherited)",
					"@executable_path/Frameworks",
				);
				MARKETING_VERSION = 1.0;
				PRODUCT_BUNDLE_IDENTIFIER = io.programou.QuestionMe;
				PRODUCT_NAME = "$(TARGET_NAME)";
				SUPPORTED_PLATFORMS = "iphoneos iphonesimulator";
				SUPPORTS_MACCATALYST = NO;
				SUPPORTS_MAC_DESIGNED_FOR_IPHONE_IPAD = NO;
				SWIFT_EMIT_LOC_STRINGS = YES;
				SWIFT_VERSION = 5.0;
				TARGETED_DEVICE_FAMILY = 1;
			};
			name = Release;
		};
		527273382BDDF1FE00F3FAD3 /* Debug */ = {
			isa = XCBuildConfiguration;
			buildSettings = {
				ALWAYS_EMBED_SWIFT_STANDARD_LIBRARIES = YES;
				BUNDLE_LOADER = "$(TEST_HOST)";
				CODE_SIGN_STYLE = Automatic;
				CURRENT_PROJECT_VERSION = 1;
				GENERATE_INFOPLIST_FILE = YES;
				IPHONEOS_DEPLOYMENT_TARGET = 17.2;
				MARKETING_VERSION = 1.0;
				PRODUCT_BUNDLE_IDENTIFIER = io.programou.QuestionMeTests;
				PRODUCT_NAME = "$(TARGET_NAME)";
				SWIFT_EMIT_LOC_STRINGS = NO;
				SWIFT_VERSION = 5.0;
				TARGETED_DEVICE_FAMILY = "1,2";
				TEST_HOST = "$(BUILT_PRODUCTS_DIR)/QuestionMe.app/$(BUNDLE_EXECUTABLE_FOLDER_PATH)/QuestionMe";
			};
			name = Debug;
		};
		527273392BDDF1FE00F3FAD3 /* Release */ = {
			isa = XCBuildConfiguration;
			buildSettings = {
				ALWAYS_EMBED_SWIFT_STANDARD_LIBRARIES = YES;
				BUNDLE_LOADER = "$(TEST_HOST)";
				CODE_SIGN_STYLE = Automatic;
				CURRENT_PROJECT_VERSION = 1;
				GENERATE_INFOPLIST_FILE = YES;
				IPHONEOS_DEPLOYMENT_TARGET = 17.2;
				MARKETING_VERSION = 1.0;
				PRODUCT_BUNDLE_IDENTIFIER = io.programou.QuestionMeTests;
				PRODUCT_NAME = "$(TARGET_NAME)";
				SWIFT_EMIT_LOC_STRINGS = NO;
				SWIFT_VERSION = 5.0;
				TARGETED_DEVICE_FAMILY = "1,2";
				TEST_HOST = "$(BUILT_PRODUCTS_DIR)/QuestionMe.app/$(BUNDLE_EXECUTABLE_FOLDER_PATH)/QuestionMe";
			};
			name = Release;
		};
/* End XCBuildConfiguration section */

/* Begin XCConfigurationList section */
		5272730B2BDDF1FB00F3FAD3 /* Build configuration list for PBXProject "QuestionMe" */ = {
			isa = XCConfigurationList;
			buildConfigurations = (
				527273322BDDF1FE00F3FAD3 /* Debug */,
				527273332BDDF1FE00F3FAD3 /* Release */,
			);
			defaultConfigurationIsVisible = 0;
			defaultConfigurationName = Release;
		};
		527273342BDDF1FE00F3FAD3 /* Build configuration list for PBXNativeTarget "QuestionMe" */ = {
			isa = XCConfigurationList;
			buildConfigurations = (
				527273352BDDF1FE00F3FAD3 /* Debug */,
				527273362BDDF1FE00F3FAD3 /* Release */,
			);
			defaultConfigurationIsVisible = 0;
			defaultConfigurationName = Release;
		};
		527273372BDDF1FE00F3FAD3 /* Build configuration list for PBXNativeTarget "QuestionMeTests" */ = {
			isa = XCConfigurationList;
			buildConfigurations = (
				527273382BDDF1FE00F3FAD3 /* Debug */,
				527273392BDDF1FE00F3FAD3 /* Release */,
			);
			defaultConfigurationIsVisible = 0;
			defaultConfigurationName = Release;
		};
/* End XCConfigurationList section */

/* Begin XCRemoteSwiftPackageReference section */
		527273462BDE737A00F3FAD3 /* XCRemoteSwiftPackageReference "firebase-ios-sdk" */ = {
			isa = XCRemoteSwiftPackageReference;
			repositoryURL = "https://github.com/firebase/firebase-ios-sdk";
			requirement = {
				kind = upToNextMajorVersion;
				minimumVersion = 10.24.0;
			};
		};
/* End XCRemoteSwiftPackageReference section */

/* Begin XCSwiftPackageProductDependency section */
		527273472BDE737A00F3FAD3 /* FirebaseAnalytics */ = {
			isa = XCSwiftPackageProductDependency;
			package = 527273462BDE737A00F3FAD3 /* XCRemoteSwiftPackageReference "firebase-ios-sdk" */;
			productName = FirebaseAnalytics;
		};
		527273492BDE737A00F3FAD3 /* FirebaseAnalyticsOnDeviceConversion */ = {
			isa = XCSwiftPackageProductDependency;
			package = 527273462BDE737A00F3FAD3 /* XCRemoteSwiftPackageReference "firebase-ios-sdk" */;
			productName = FirebaseAnalyticsOnDeviceConversion;
		};
		5272734B2BDE737A00F3FAD3 /* FirebaseAnalyticsSwift */ = {
			isa = XCSwiftPackageProductDependency;
			package = 527273462BDE737A00F3FAD3 /* XCRemoteSwiftPackageReference "firebase-ios-sdk" */;
			productName = FirebaseAnalyticsSwift;
		};
		5272734D2BDE737A00F3FAD3 /* FirebaseAnalyticsWithoutAdIdSupport */ = {
			isa = XCSwiftPackageProductDependency;
			package = 527273462BDE737A00F3FAD3 /* XCRemoteSwiftPackageReference "firebase-ios-sdk" */;
			productName = FirebaseAnalyticsWithoutAdIdSupport;
		};
		5272734F2BDE737A00F3FAD3 /* FirebaseAppCheck */ = {
			isa = XCSwiftPackageProductDependency;
			package = 527273462BDE737A00F3FAD3 /* XCRemoteSwiftPackageReference "firebase-ios-sdk" */;
			productName = FirebaseAppCheck;
		};
		527273512BDE737A00F3FAD3 /* FirebaseAppDistribution-Beta */ = {
			isa = XCSwiftPackageProductDependency;
			package = 527273462BDE737A00F3FAD3 /* XCRemoteSwiftPackageReference "firebase-ios-sdk" */;
			productName = "FirebaseAppDistribution-Beta";
		};
		527273532BDE737A00F3FAD3 /* FirebaseCrashlytics */ = {
			isa = XCSwiftPackageProductDependency;
			package = 527273462BDE737A00F3FAD3 /* XCRemoteSwiftPackageReference "firebase-ios-sdk" */;
			productName = FirebaseCrashlytics;
		};
		527273552BDE737A00F3FAD3 /* FirebaseDatabase */ = {
			isa = XCSwiftPackageProductDependency;
			package = 527273462BDE737A00F3FAD3 /* XCRemoteSwiftPackageReference "firebase-ios-sdk" */;
			productName = FirebaseDatabase;
		};
		527273572BDE737A00F3FAD3 /* FirebaseDatabaseSwift */ = {
			isa = XCSwiftPackageProductDependency;
			package = 527273462BDE737A00F3FAD3 /* XCRemoteSwiftPackageReference "firebase-ios-sdk" */;
			productName = FirebaseDatabaseSwift;
		};
		527273592BDE737A00F3FAD3 /* FirebaseDynamicLinks */ = {
			isa = XCSwiftPackageProductDependency;
			package = 527273462BDE737A00F3FAD3 /* XCRemoteSwiftPackageReference "firebase-ios-sdk" */;
			productName = FirebaseDynamicLinks;
		};
		5272735B2BDE737A00F3FAD3 /* FirebaseFirestore */ = {
			isa = XCSwiftPackageProductDependency;
			package = 527273462BDE737A00F3FAD3 /* XCRemoteSwiftPackageReference "firebase-ios-sdk" */;
			productName = FirebaseFirestore;
		};
		5272735D2BDE737A00F3FAD3 /* FirebaseFirestoreCombine-Community */ = {
			isa = XCSwiftPackageProductDependency;
			package = 527273462BDE737A00F3FAD3 /* XCRemoteSwiftPackageReference "firebase-ios-sdk" */;
			productName = "FirebaseFirestoreCombine-Community";
		};
		5272735F2BDE737A00F3FAD3 /* FirebaseFirestoreSwift */ = {
			isa = XCSwiftPackageProductDependency;
			package = 527273462BDE737A00F3FAD3 /* XCRemoteSwiftPackageReference "firebase-ios-sdk" */;
			productName = FirebaseFirestoreSwift;
		};
		527273612BDE737A00F3FAD3 /* FirebaseFunctions */ = {
			isa = XCSwiftPackageProductDependency;
			package = 527273462BDE737A00F3FAD3 /* XCRemoteSwiftPackageReference "firebase-ios-sdk" */;
			productName = FirebaseFunctions;
		};
		527273632BDE737A00F3FAD3 /* FirebaseFunctionsCombine-Community */ = {
			isa = XCSwiftPackageProductDependency;
			package = 527273462BDE737A00F3FAD3 /* XCRemoteSwiftPackageReference "firebase-ios-sdk" */;
			productName = "FirebaseFunctionsCombine-Community";
		};
		527273652BDE737A00F3FAD3 /* FirebaseInAppMessaging-Beta */ = {
			isa = XCSwiftPackageProductDependency;
			package = 527273462BDE737A00F3FAD3 /* XCRemoteSwiftPackageReference "firebase-ios-sdk" */;
			productName = "FirebaseInAppMessaging-Beta";
		};
		527273672BDE737A00F3FAD3 /* FirebaseInAppMessagingSwift-Beta */ = {
			isa = XCSwiftPackageProductDependency;
			package = 527273462BDE737A00F3FAD3 /* XCRemoteSwiftPackageReference "firebase-ios-sdk" */;
			productName = "FirebaseInAppMessagingSwift-Beta";
		};
		527273692BDE737A00F3FAD3 /* FirebaseInstallations */ = {
			isa = XCSwiftPackageProductDependency;
			package = 527273462BDE737A00F3FAD3 /* XCRemoteSwiftPackageReference "firebase-ios-sdk" */;
			productName = FirebaseInstallations;
		};
		5272736B2BDE737A00F3FAD3 /* FirebaseMLModelDownloader */ = {
			isa = XCSwiftPackageProductDependency;
			package = 527273462BDE737A00F3FAD3 /* XCRemoteSwiftPackageReference "firebase-ios-sdk" */;
			productName = FirebaseMLModelDownloader;
		};
		5272736D2BDE737A00F3FAD3 /* FirebaseMessaging */ = {
			isa = XCSwiftPackageProductDependency;
			package = 527273462BDE737A00F3FAD3 /* XCRemoteSwiftPackageReference "firebase-ios-sdk" */;
			productName = FirebaseMessaging;
		};
		5272736F2BDE737A00F3FAD3 /* FirebasePerformance */ = {
			isa = XCSwiftPackageProductDependency;
			package = 527273462BDE737A00F3FAD3 /* XCRemoteSwiftPackageReference "firebase-ios-sdk" */;
			productName = FirebasePerformance;
		};
		527273712BDE737A00F3FAD3 /* FirebaseRemoteConfig */ = {
			isa = XCSwiftPackageProductDependency;
			package = 527273462BDE737A00F3FAD3 /* XCRemoteSwiftPackageReference "firebase-ios-sdk" */;
			productName = FirebaseRemoteConfig;
		};
		527273732BDE737A00F3FAD3 /* FirebaseRemoteConfigSwift */ = {
			isa = XCSwiftPackageProductDependency;
			package = 527273462BDE737A00F3FAD3 /* XCRemoteSwiftPackageReference "firebase-ios-sdk" */;
			productName = FirebaseRemoteConfigSwift;
		};
		527273752BDE737A00F3FAD3 /* FirebaseStorage */ = {
			isa = XCSwiftPackageProductDependency;
			package = 527273462BDE737A00F3FAD3 /* XCRemoteSwiftPackageReference "firebase-ios-sdk" */;
			productName = FirebaseStorage;
		};
		527273772BDE737A00F3FAD3 /* FirebaseStorageCombine-Community */ = {
			isa = XCSwiftPackageProductDependency;
			package = 527273462BDE737A00F3FAD3 /* XCRemoteSwiftPackageReference "firebase-ios-sdk" */;
			productName = "FirebaseStorageCombine-Community";
		};
/* End XCSwiftPackageProductDependency section */
	};
	rootObject = 527273082BDDF1FB00F3FAD3 /* Project object */;
}
